
Microsoft Visual Studio Solution File, Format Version 12.00
# Visual Studio Version 17
VisualStudioVersion = 17.13.35919.96 d17.13
MinimumVisualStudioVersion = 10.0.40219.1
Project("{888888A0-9F3D-457C-B088-3A5042F75D52}") = "P2P_monitor", "P2P_monitor.pyproj", "{93F20178-C33A-4DA3-B2A9-817516A18DAD}"
EndProject
Global
	GlobalSection(SolutionConfigurationPlatforms) = preSolution
		Debug|Any CPU = Debug|Any CPU
		Release|Any CPU = Release|Any CPU
	EndGlobalSection
	GlobalSection(ProjectConfigurationPlatforms) = postSolution
		{93F20178-C33A-4DA3-B2A9-817516A18DAD}.Debug|Any CPU.ActiveCfg = Debug|Any CPU
		{93F20178-C33A-4DA3-B2A9-817516A18DAD}.Release|Any CPU.ActiveCfg = Release|Any CPU
	EndGlobalSection
	GlobalSection(SolutionProperties) = preSolution
		HideSolutionNode = FALSE
	EndGlobalSection
	GlobalSection(ExtensibilityGlobals) = postSolution
		SolutionGuid = {09D0FBE8-E314-451B-AFB1-99AC507EF95B}
	EndGlobalSection
EndGlobal
